
Microsoft Visual Studio Solution File, Format Version 12.00
# Visual Studio Version 16
VisualStudioVersion = 16.0.30114.105
MinimumVisualStudioVersion = 10.0.40219.1
Project("{9A19103F-16F7-4668-BE54-9A1E7A4F7556}") = "Udemy_UnitTests", "src\Udemy_UnitTests\Udemy_UnitTests.csproj", "{469EC2C4-51A3-44AF-9B78-D854BC76760B}"
EndProject
Project("{FAE04EC0-301F-11D3-BF4B-00C04F79EFBC}") = "Business.Test", "src\Business2.Test\Business.Test.csproj", "{5DF7F14F-A33D-47B5-AD34-E4D57242B416}"
EndProject
Project("{FAE04EC0-301F-11D3-BF4B-00C04F79EFBC}") = "Business", "arch\UnitTestingCourse\UnitTestingCourse\Business.csproj", "{F7788413-F652-4BD2-A16A-587360BC630E}"
EndProject
Global
	GlobalSection(SolutionConfigurationPlatforms) = preSolution
		Debug|Any CPU = Debug|Any CPU
		Debug|x64 = Debug|x64
		Debug|x86 = Debug|x86
		Release|Any CPU = Release|Any CPU
		Release|x64 = Release|x64
		Release|x86 = Release|x86
	EndGlobalSection
	GlobalSection(ProjectConfigurationPlatforms) = postSolution
		{469EC2C4-51A3-44AF-9B78-D854BC76760B}.Debug|Any CPU.ActiveCfg = Debug|Any CPU
		{469EC2C4-51A3-44AF-9B78-D854BC76760B}.Debug|Any CPU.Build.0 = Debug|Any CPU
		{469EC2C4-51A3-44AF-9B78-D854BC76760B}.Debug|x64.ActiveCfg = Debug|Any CPU
		{469EC2C4-51A3-44AF-9B78-D854BC76760B}.Debug|x64.Build.0 = Debug|Any CPU
		{469EC2C4-51A3-44AF-9B78-D854BC76760B}.Debug|x86.ActiveCfg = Debug|Any CPU
		{469EC2C4-51A3-44AF-9B78-D854BC76760B}.Debug|x86.Build.0 = Debug|Any CPU
		{469EC2C4-51A3-44AF-9B78-D854BC76760B}.Release|Any CPU.ActiveCfg = Release|Any CPU
		{469EC2C4-51A3-44AF-9B78-D854BC76760B}.Release|Any CPU.Build.0 = Release|Any CPU
		{469EC2C4-51A3-44AF-9B78-D854BC76760B}.Release|x64.ActiveCfg = Release|Any CPU
		{469EC2C4-51A3-44AF-9B78-D854BC76760B}.Release|x64.Build.0 = Release|Any CPU
		{469EC2C4-51A3-44AF-9B78-D854BC76760B}.Release|x86.ActiveCfg = Release|Any CPU
		{469EC2C4-51A3-44AF-9B78-D854BC76760B}.Release|x86.Build.0 = Release|Any CPU
		{5DF7F14F-A33D-47B5-AD34-E4D57242B416}.Debug|Any CPU.ActiveCfg = Debug|Any CPU
		{5DF7F14F-A33D-47B5-AD34-E4D57242B416}.Debug|Any CPU.Build.0 = Debug|Any CPU
		{5DF7F14F-A33D-47B5-AD34-E4D57242B416}.Debug|x64.ActiveCfg = Debug|Any CPU
		{5DF7F14F-A33D-47B5-AD34-E4D57242B416}.Debug|x64.Build.0 = Debug|Any CPU
		{5DF7F14F-A33D-47B5-AD34-E4D57242B416}.Debug|x86.ActiveCfg = Debug|Any CPU
		{5DF7F14F-A33D-47B5-AD34-E4D57242B416}.Debug|x86.Build.0 = Debug|Any CPU
		{5DF7F14F-A33D-47B5-AD34-E4D57242B416}.Release|Any CPU.ActiveCfg = Release|Any CPU
		{5DF7F14F-A33D-47B5-AD34-E4D57242B416}.Release|Any CPU.Build.0 = Release|Any CPU
		{5DF7F14F-A33D-47B5-AD34-E4D57242B416}.Release|x64.ActiveCfg = Release|Any CPU
		{5DF7F14F-A33D-47B5-AD34-E4D57242B416}.Release|x64.Build.0 = Release|Any CPU
		{5DF7F14F-A33D-47B5-AD34-E4D57242B416}.Release|x86.ActiveCfg = Release|Any CPU
		{5DF7F14F-A33D-47B5-AD34-E4D57242B416}.Release|x86.Build.0 = Release|Any CPU
		{F7788413-F652-4BD2-A16A-587360BC630E}.Debug|Any CPU.ActiveCfg = Debug|Any CPU
		{F7788413-F652-4BD2-A16A-587360BC630E}.Debug|Any CPU.Build.0 = Debug|Any CPU
		{F7788413-F652-4BD2-A16A-587360BC630E}.Debug|x64.ActiveCfg = Debug|Any CPU
		{F7788413-F652-4BD2-A16A-587360BC630E}.Debug|x64.Build.0 = Debug|Any CPU
		{F7788413-F652-4BD2-A16A-587360BC630E}.Debug|x86.ActiveCfg = Debug|Any CPU
		{F7788413-F652-4BD2-A16A-587360BC630E}.Debug|x86.Build.0 = Debug|Any CPU
		{F7788413-F652-4BD2-A16A-587360BC630E}.Release|Any CPU.ActiveCfg = Release|Any CPU
		{F7788413-F652-4BD2-A16A-587360BC630E}.Release|Any CPU.Build.0 = Release|Any CPU
		{F7788413-F652-4BD2-A16A-587360BC630E}.Release|x64.ActiveCfg = Release|Any CPU
		{F7788413-F652-4BD2-A16A-587360BC630E}.Release|x64.Build.0 = Release|Any CPU
		{F7788413-F652-4BD2-A16A-587360BC630E}.Release|x86.ActiveCfg = Release|Any CPU
		{F7788413-F652-4BD2-A16A-587360BC630E}.Release|x86.Build.0 = Release|Any CPU
	EndGlobalSection
	GlobalSection(SolutionProperties) = preSolution
		HideSolutionNode = FALSE
	EndGlobalSection
	GlobalSection(ExtensibilityGlobals) = postSolution
		SolutionGuid = {0E77A3F8-F4C7-46EB-B454-1523562F55CF}
	EndGlobalSection
EndGlobal
